
Microsoft Visual Studio Solution File, Format Version 12.00
# Visual Studio Version 16
VisualStudioVersion = 16.0.29905.134
MinimumVisualStudioVersion = 10.0.40219.1
Project("{8BC9CEB8-8B4A-11D0-8D11-00A0C91BC942}") = "FinalExam", "FinalExam.vcxproj", "{D2EA1178-8D6D-41E2-9063-8E5EE22464E5}"
EndProject
Global
	GlobalSection(SolutionConfigurationPlatforms) = preSolution
		Debug|x64 = Debug|x64
		Debug|x86 = Debug|x86
		Release|x64 = Release|x64
		Release|x86 = Release|x86
	EndGlobalSection
	GlobalSection(ProjectConfigurationPlatforms) = postSolution
		{D2EA1178-8D6D-41E2-9063-8E5EE22464E5}.Debug|x64.ActiveCfg = Debug|x64
		{D2EA1178-8D6D-41E2-9063-8E5EE22464E5}.Debug|x64.Build.0 = Debug|x64
		{D2EA1178-8D6D-41E2-9063-8E5EE22464E5}.Debug|x86.ActiveCfg = Debug|Win32
		{D2EA1178-8D6D-41E2-9063-8E5EE22464E5}.Debug|x86.Build.0 = Debug|Win32
		{D2EA1178-8D6D-41E2-9063-8E5EE22464E5}.Release|x64.ActiveCfg = Release|x64
		{D2EA1178-8D6D-41E2-9063-8E5EE22464E5}.Release|x64.Build.0 = Release|x64
		{D2EA1178-8D6D-41E2-9063-8E5EE22464E5}.Release|x86.ActiveCfg = Release|Win32
		{D2EA1178-8D6D-41E2-9063-8E5EE22464E5}.Release|x86.Build.0 = Release|Win32
	EndGlobalSection
	GlobalSection(SolutionProperties) = preSolution
		HideSolutionNode = FALSE
	EndGlobalSection
	GlobalSection(ExtensibilityGlobals) = postSolution
		SolutionGuid = {F159C57A-3293-4EE4-B9BA-8F12EC25106D}
	EndGlobalSection
EndGlobal
